<?xml version="1.0" encoding="utf-8"?>
<Project ToolsVersion="4.0" xmlns="http://schemas.microsoft.com/developer/msbuild/2003">
  <ItemGroup>
    <ClInclude Include="GameEngineDebug.h">
      <Filter>Debug</Filter>
    </ClInclude>
    <ClInclude Include="GameEngineDirectory.h">
      <Filter>IO</Filter>
    </ClInclude>
    <ClInclude Include="GameEngineFile.h">
      <Filter>IO</Filter>
    </ClInclude>
    <ClInclude Include="GameEnginePath.h">
      <Filter>IO</Filter>
    </ClInclude>
    <ClInclude Include="GameEngineMath.h">
      <Filter>Math</Filter>
    </ClInclude>
    <ClInclude Include="GameEngineRandom.h">
      <Filter>Math</Filter>
    </ClInclude>
    <ClInclude Include="GameEngineTime.h">
      <Filter>Math</Filter>
    </ClInclude>
    <ClInclude Include="GameEngineNameObject.h">
      <Filter>Object</Filter>
    </ClInclude>
    <ClInclude Include="GameEngineUpdateObject.h">
      <Filter>Object</Filter>
    </ClInclude>
    <ClInclude Include="GameEngineString.h">
      <Filter>String</Filter>
    </ClInclude>
    <ClInclude Include="GameEngineInput.h">
      <Filter>WindowsOS</Filter>
    </ClInclude>
    <ClInclude Include="GameEngineWindow.h">
      <Filter>WindowsOS</Filter>
    </ClInclude>
    <ClInclude Include="GameEngineSound.h">
      <Filter>ThirdParty\Sound</Filter>
    </ClInclude>
    <ClInclude Include="GameEngineTransform.h">
      <Filter>Math</Filter>
    </ClInclude>
    <ClInclude Include="GameEngineDebugObject.h">
      <Filter>Object</Filter>
    </ClInclude>
    <ClInclude Include="PreCompile.h">
      <Filter>PreCompile</Filter>
    </ClInclude>
  </ItemGroup>
  <ItemGroup>
    <ClCompile Include="GameEngineDebug.cpp">
      <Filter>Debug</Filter>
    </ClCompile>
    <ClCompile Include="GameEngineDirectory.cpp">
      <Filter>IO</Filter>
    </ClCompile>
    <ClCompile Include="GameEngineFile.cpp">
      <Filter>IO</Filter>
    </ClCompile>
    <ClCompile Include="GameEnginePath.cpp">
      <Filter>IO</Filter>
    </ClCompile>
    <ClCompile Include="GameEngineMath.cpp">
      <Filter>Math</Filter>
    </ClCompile>
    <ClCompile Include="GameEngineRandom.cpp">
      <Filter>Math</Filter>
    </ClCompile>
    <ClCompile Include="GameEngineTime.cpp">
      <Filter>Math</Filter>
    </ClCompile>
    <ClCompile Include="GameEngineNameObject.cpp">
      <Filter>Object</Filter>
    </ClCompile>
    <ClCompile Include="GameEngineUpdateObject.cpp">
      <Filter>Object</Filter>
    </ClCompile>
    <ClCompile Include="GameEngineString.cpp">
      <Filter>String</Filter>
    </ClCompile>
    <ClCompile Include="GameEngineInput.cpp">
      <Filter>WindowsOS</Filter>
    </ClCompile>
    <ClCompile Include="GameEngineWindow.cpp">
      <Filter>WindowsOS</Filter>
    </ClCompile>
    <ClCompile Include="GameEngineSound.cpp">
      <Filter>ThirdParty\Sound</Filter>
    </ClCompile>
    <ClCompile Include="GameEngineTransform.cpp">
      <Filter>Math</Filter>
    </ClCompile>
    <ClCompile Include="GameEngineTransform_Collision.cpp">
      <Filter>Math</Filter>
    </ClCompile>
    <ClCompile Include="GameEngineDebugObject.cpp">
      <Filter>Object</Filter>
    </ClCompile>
    <ClCompile Include="PreCompile.cpp">
      <Filter>PreCompile</Filter>
    </ClCompile>
  </ItemGroup>
  <ItemGroup>
    <Filter Include="Debug">
      <UniqueIdentifier>{f8acc7f4-bc3b-4af8-97b4-de3c2f3b1180}</UniqueIdentifier>
    </Filter>
    <Filter Include="IO">
      <UniqueIdentifier>{d496470e-ac02-4b7a-bb5f-952da97d9a60}</UniqueIdentifier>
    </Filter>
    <Filter Include="Math">
      <UniqueIdentifier>{b4743b8b-0175-45c5-88d4-b4d1fd3c3e3d}</UniqueIdentifier>
    </Filter>
    <Filter Include="Object">
      <UniqueIdentifier>{c08004c5-0916-4750-8ef7-3871d56a3e95}</UniqueIdentifier>
    </Filter>
    <Filter Include="String">
      <UniqueIdentifier>{37be913c-b414-49f5-aaed-8eb3c526d7ba}</UniqueIdentifier>
    </Filter>
    <Filter Include="WindowsOS">
      <UniqueIdentifier>{994590d6-dfc6-4fee-b4bb-19d99f508f27}</UniqueIdentifier>
    </Filter>
    <Filter Include="ThirdParty">
      <UniqueIdentifier>{bdb7a8a5-36b1-4b81-8c9e-40c9d2badd49}</UniqueIdentifier>
    </Filter>
    <Filter Include="ThirdParty\Lib">
      <UniqueIdentifier>{e7adda93-2c24-46a2-9bea-ead8d34ca680}</UniqueIdentifier>
    </Filter>
    <Filter Include="ThirdParty\Sound">
      <UniqueIdentifier>{0d5da582-b822-407f-9758-5abf409a31d4}</UniqueIdentifier>
    </Filter>
    <Filter Include="PreCompile">
      <UniqueIdentifier>{8430d981-2e2b-454f-8a8b-61e649d2f7d6}</UniqueIdentifier>
    </Filter>
  </ItemGroup>
  <ItemGroup>
    <CopyFileToFolders Include="ThirdParty\bin\fmod.dll">
      <Filter>ThirdParty\Lib</Filter>
    </CopyFileToFolders>
    <CopyFileToFolders Include="ThirdParty\bin\fmod_vc.lib">
      <Filter>ThirdParty\Lib</Filter>
    </CopyFileToFolders>
    <CopyFileToFolders Include="ThirdParty\bin\fmodL.dll">
      <Filter>ThirdParty\Lib</Filter>
    </CopyFileToFolders>
    <CopyFileToFolders Include="ThirdParty\bin\fmodL_vc.lib">
      <Filter>ThirdParty\Lib</Filter>
    </CopyFileToFolders>
  </ItemGroup>
</Project>