<?xml version="1.0" encoding="utf-8"?>
<Project ToolsVersion="4.0" xmlns="http://schemas.microsoft.com/developer/msbuild/2003">
  <ItemGroup>
    <ClInclude Include="Cuphead.h" />
    <ClInclude Include="Enums.h" />
    <ClInclude Include="GlobalContents.h" />
    <ClInclude Include="Monster.h">
      <Filter>Actor</Filter>
    </ClInclude>
    <ClInclude Include="Player.h">
      <Filter>Actor</Filter>
    </ClInclude>
    <ClInclude Include="TitleLogo.h">
      <Filter>Actor\Title</Filter>
    </ClInclude>
    <ClInclude Include="TitleScreenBackGround.h">
      <Filter>Actor\Title</Filter>
    </ClInclude>
    <ClInclude Include="TitleScreenChalice.h">
      <Filter>Actor\Title</Filter>
    </ClInclude>
    <ClInclude Include="TitleScreenChips.h">
      <Filter>Actor\Title</Filter>
    </ClInclude>
    <ClInclude Include="TitleScreenCuphead.h">
      <Filter>Actor\Title</Filter>
    </ClInclude>
    <ClInclude Include="TitleScreenMugman.h">
      <Filter>Actor\Title</Filter>
    </ClInclude>
    <ClInclude Include="HourGlass.h">
      <Filter>Actor\Common</Filter>
    </ClInclude>
    <ClInclude Include="Iris.h">
      <Filter>Actor\Common</Filter>
    </ClInclude>
    <ClInclude Include="ScreenFX.h">
      <Filter>Actor\Common</Filter>
    </ClInclude>
    <ClInclude Include="UIMaster.h">
      <Filter>Actor\Common</Filter>
    </ClInclude>
    <ClInclude Include="PreCompile.h">
      <Filter>PreCompile</Filter>
    </ClInclude>
    <ClInclude Include="TItleMainBackGround.h">
      <Filter>Actor\Title</Filter>
    </ClInclude>
    <ClInclude Include="TitleStartUI.h">
      <Filter>Actor\Title</Filter>
    </ClInclude>
    <ClInclude Include="WorldMapBackGround.h">
      <Filter>Actor\World</Filter>
    </ClInclude>
    <ClInclude Include="TutorialBackGround.h">
      <Filter>Actor\Tutorial</Filter>
    </ClInclude>
    <ClInclude Include="MDHRLogoLevel.h">
      <Filter>Level\Title</Filter>
    </ClInclude>
    <ClInclude Include="TitleLevel.h">
      <Filter>Level\Title</Filter>
    </ClInclude>
    <ClInclude Include="TitleMainLevel.h">
      <Filter>Level\Title</Filter>
    </ClInclude>
    <ClInclude Include="TutorialLevel.h">
      <Filter>Level\Tutorial</Filter>
    </ClInclude>
    <ClInclude Include="WorldMapLevel.h">
      <Filter>Level\World</Filter>
    </ClInclude>
    <ClInclude Include="MortimerFreezeLevel.h">
      <Filter>Level\Boss</Filter>
    </ClInclude>
    <ClInclude Include="MortimerFreezeBackGround.h">
      <Filter>Actor\Boss</Filter>
    </ClInclude>
    <ClInclude Include="MortimerFreezeBoss.h">
      <Filter>Actor\Boss</Filter>
    </ClInclude>
    <ClInclude Include="Weapon.h">
      <Filter>Actor</Filter>
    </ClInclude>
    <ClInclude Include="MortimerFreezeCard.h">
      <Filter>Actor\Boss</Filter>
    </ClInclude>
    <ClInclude Include="MortimerFreezeTable.h">
      <Filter>Actor\Boss</Filter>
    </ClInclude>
    <ClInclude Include="MortimerFreezeWhale.h">
      <Filter>Actor\Boss</Filter>
    </ClInclude>
    <ClInclude Include="MortimerFreezeMinion.h">
      <Filter>Actor\Boss</Filter>
    </ClInclude>
    <ClInclude Include="MsChalice.h">
      <Filter>Actor</Filter>
    </ClInclude>
    <ClInclude Include="MortimerFreezeBlade.h">
      <Filter>Actor\Boss</Filter>
    </ClInclude>
    <ClInclude Include="MortimerFreezeIceCube.h">
      <Filter>Actor\Boss</Filter>
    </ClInclude>
    <ClInclude Include="MortimerFreezeIceBat.h">
      <Filter>Actor\Boss</Filter>
    </ClInclude>
  </ItemGroup>
  <ItemGroup>
    <ClCompile Include="Cuphead.cpp" />
    <ClCompile Include="GlobalContents.cpp" />
    <ClCompile Include="Monster.cpp">
      <Filter>Actor</Filter>
    </ClCompile>
    <ClCompile Include="Player.cpp">
      <Filter>Actor</Filter>
    </ClCompile>
    <ClCompile Include="TitleLogo.cpp">
      <Filter>Actor\Title</Filter>
    </ClCompile>
    <ClCompile Include="TitleScreenBackGround.cpp">
      <Filter>Actor\Title</Filter>
    </ClCompile>
    <ClCompile Include="TitleScreenChalice.cpp">
      <Filter>Actor\Title</Filter>
    </ClCompile>
    <ClCompile Include="TitleScreenChips.cpp">
      <Filter>Actor\Title</Filter>
    </ClCompile>
    <ClCompile Include="TitleScreenCuphead.cpp">
      <Filter>Actor\Title</Filter>
    </ClCompile>
    <ClCompile Include="TitleScreenMugman.cpp">
      <Filter>Actor\Title</Filter>
    </ClCompile>
    <ClCompile Include="HourGlass.cpp">
      <Filter>Actor\Common</Filter>
    </ClCompile>
    <ClCompile Include="Iris.cpp">
      <Filter>Actor\Common</Filter>
    </ClCompile>
    <ClCompile Include="ScreenFX.cpp">
      <Filter>Actor\Common</Filter>
    </ClCompile>
    <ClCompile Include="UIMaster.cpp">
      <Filter>Actor\Common</Filter>
    </ClCompile>
    <ClCompile Include="PreCompile.cpp">
      <Filter>PreCompile</Filter>
    </ClCompile>
    <ClCompile Include="TItleMainBackGround.cpp">
      <Filter>Actor\Title</Filter>
    </ClCompile>
    <ClCompile Include="TitleStartUI.cpp">
      <Filter>Actor\Title</Filter>
    </ClCompile>
    <ClCompile Include="WorldMapBackGround.cpp">
      <Filter>Actor\World</Filter>
    </ClCompile>
    <ClCompile Include="TutorialBackGround.cpp">
      <Filter>Actor\Tutorial</Filter>
    </ClCompile>
    <ClCompile Include="MDHRLogoLevel.cpp">
      <Filter>Level\Title</Filter>
    </ClCompile>
    <ClCompile Include="TitleLevel.cpp">
      <Filter>Level\Title</Filter>
    </ClCompile>
    <ClCompile Include="TitleMainLevel.cpp">
      <Filter>Level\Title</Filter>
    </ClCompile>
    <ClCompile Include="TutorialLevel.cpp">
      <Filter>Level\Tutorial</Filter>
    </ClCompile>
    <ClCompile Include="WorldMapLevel.cpp">
      <Filter>Level\World</Filter>
    </ClCompile>
    <ClCompile Include="MortimerFreezeLevel.cpp">
      <Filter>Level\Boss</Filter>
    </ClCompile>
    <ClCompile Include="MortimerFreezeBackGround.cpp">
      <Filter>Actor\Boss</Filter>
    </ClCompile>
    <ClCompile Include="MortimerFreezeBoss.cpp">
      <Filter>Actor\Boss</Filter>
    </ClCompile>
    <ClCompile Include="Weapon.cpp">
      <Filter>Actor</Filter>
    </ClCompile>
    <ClCompile Include="MortimerFreezeCard.cpp">
      <Filter>Actor\Boss</Filter>
    </ClCompile>
    <ClCompile Include="MortimerFreezeTable.cpp">
      <Filter>Actor\Boss</Filter>
    </ClCompile>
    <ClCompile Include="MortimerFreezeWhale.cpp">
      <Filter>Actor\Boss</Filter>
    </ClCompile>
    <ClCompile Include="MortimerFreezeMinion.cpp">
      <Filter>Actor\Boss</Filter>
    </ClCompile>
    <ClCompile Include="MsChalice.cpp">
      <Filter>Actor</Filter>
    </ClCompile>
    <ClCompile Include="MortimerFreezeBoss_Phase2.cpp">
      <Filter>Actor\Boss</Filter>
    </ClCompile>
    <ClCompile Include="MortimerFreezeBlade.cpp">
      <Filter>Actor\Boss</Filter>
    </ClCompile>
    <ClCompile Include="MortimerFreezeIceCube.cpp">
      <Filter>Actor\Boss</Filter>
    </ClCompile>
    <ClCompile Include="MortimerFreezeIceBat.cpp">
      <Filter>Actor\Boss</Filter>
    </ClCompile>
  </ItemGroup>
  <ItemGroup>
    <Filter Include="Actor">
      <UniqueIdentifier>{15f31b85-6008-4b69-82d9-33c08a050046}</UniqueIdentifier>
    </Filter>
    <Filter Include="Level">
      <UniqueIdentifier>{c40f43e3-0fcc-433b-87b7-98cb2b414a64}</UniqueIdentifier>
    </Filter>
    <Filter Include="Actor\Title">
      <UniqueIdentifier>{f15e81b2-7632-4174-8d6c-c81c19b52751}</UniqueIdentifier>
    </Filter>
    <Filter Include="Actor\Common">
      <UniqueIdentifier>{9029a40d-a4b5-43a7-80b0-671fb235fe8a}</UniqueIdentifier>
    </Filter>
    <Filter Include="PreCompile">
      <UniqueIdentifier>{cfa916e7-4440-4d6c-b89c-b0d4bbe93dfc}</UniqueIdentifier>
    </Filter>
    <Filter Include="Actor\World">
      <UniqueIdentifier>{81a922c8-8dbd-4f8e-8af2-a17e3c8becd0}</UniqueIdentifier>
    </Filter>
    <Filter Include="Actor\Tutorial">
      <UniqueIdentifier>{2f542b73-3832-4fc4-be0d-1319d31a6723}</UniqueIdentifier>
    </Filter>
    <Filter Include="Actor\NPC">
      <UniqueIdentifier>{a7b6d210-c36d-4324-8a49-0386b2af1d84}</UniqueIdentifier>
    </Filter>
    <Filter Include="Actor\Boss">
      <UniqueIdentifier>{e16c92df-f11e-4f47-83b9-308526c3da60}</UniqueIdentifier>
    </Filter>
    <Filter Include="Level\Title">
      <UniqueIdentifier>{4506fee8-2c56-4002-b2a4-31d581b0a707}</UniqueIdentifier>
    </Filter>
    <Filter Include="Level\Tutorial">
      <UniqueIdentifier>{59a01063-0da9-44f5-a1d7-90c1d4545bde}</UniqueIdentifier>
    </Filter>
    <Filter Include="Level\World">
      <UniqueIdentifier>{df507d5e-f2b4-4335-80a6-2f1f8dfbedda}</UniqueIdentifier>
    </Filter>
    <Filter Include="Level\Boss">
      <UniqueIdentifier>{f9e30516-945e-4441-958c-0e97e00ff5f2}</UniqueIdentifier>
    </Filter>
  </ItemGroup>
</Project>