<?xml version="1.0" encoding="utf-8"?>
<Project ToolsVersion="4.0" xmlns="http://schemas.microsoft.com/developer/msbuild/2003">
  <ItemGroup>
    <ClInclude Include="GameEngineCore.h" />
    <ClInclude Include="GameEngineLevel.h" />
    <ClInclude Include="GameEngineActor.h" />
    <ClInclude Include="GEngine.h" />
    <ClInclude Include="GameEngineRenderer.h" />
    <ClInclude Include="GameEngineComponent.h" />
    <ClInclude Include="GameEngineMesh.h" />
    <ClInclude Include="GameEngineIndexBuffer.h" />
    <ClInclude Include="GameEngineRes.h" />
    <ClInclude Include="GameEngineVertexBuffer.h" />
    <ClInclude Include="GameEngineCamera.h" />
    <ClInclude Include="GameEngineTransformComponent.h" />
    <ClInclude Include="GameEngineCameraActor.h" />
  </ItemGroup>
  <ItemGroup>
    <ClCompile Include="GameEngineCore.cpp" />
    <ClCompile Include="GameEngineLevel.cpp" />
    <ClCompile Include="GameEngineActor.cpp" />
    <ClCompile Include="GEngine.cpp" />
    <ClCompile Include="GameEngineRenderer.cpp" />
    <ClCompile Include="GameEngineComponent.cpp" />
    <ClCompile Include="GameEngineMesh.cpp" />
    <ClCompile Include="GameEngineCore_Resource.cpp" />
    <ClCompile Include="GameEngineIndexBuffer.cpp" />
    <ClCompile Include="GameEngineRes.cpp" />
    <ClCompile Include="GameEngineVertexBuffer.cpp" />
    <ClCompile Include="GameEngineCamera.cpp" />
    <ClCompile Include="GameEngineTransformComponent.cpp" />
    <ClCompile Include="GameEngineCameraActor.cpp" />
  </ItemGroup>
</Project>